
Microsoft Visual Studio Solution File, Format Version 12.00
# Visual Studio Version 17
VisualStudioVersion = 17.4.33213.308
MinimumVisualStudioVersion = 10.0.40219.1
Project("{FAE04EC0-301F-11D3-BF4B-00C04F79EFBC}") = "pr5", "pr5\pr5.csproj", "{86057B19-BE21-4B67-94D2-A74820706FD0}"
EndProject
Global
	GlobalSection(SolutionConfigurationPlatforms) = preSolution
		Debug|Any CPU = Debug|Any CPU
		Release|Any CPU = Release|Any CPU
	EndGlobalSection
	GlobalSection(ProjectConfigurationPlatforms) = postSolution
		{86057B19-BE21-4B67-94D2-A74820706FD0}.Debug|Any CPU.ActiveCfg = Debug|Any CPU
		{86057B19-BE21-4B67-94D2-A74820706FD0}.Debug|Any CPU.Build.0 = Debug|Any CPU
		{86057B19-BE21-4B67-94D2-A74820706FD0}.Release|Any CPU.ActiveCfg = Release|Any CPU
		{86057B19-BE21-4B67-94D2-A74820706FD0}.Release|Any CPU.Build.0 = Release|Any CPU
	EndGlobalSection
	GlobalSection(SolutionProperties) = preSolution
		HideSolutionNode = FALSE
	EndGlobalSection
	GlobalSection(ExtensibilityGlobals) = postSolution
		SolutionGuid = {12419C40-0163-4A71-88F9-C658B9A049BB}
	EndGlobalSection
EndGlobal
